
Microsoft Visual Studio Solution File, Format Version 12.00
# Visual Studio Version 16
VisualStudioVersion = 16.0.33027.164
MinimumVisualStudioVersion = 10.0.40219.1
Project("{9A19103F-16F7-4668-BE54-9A1E7A4F7556}") = "DataAccess", "DataAccess\DataAccess.csproj", "{5F83F708-DC4A-49B0-B1A8-ED4E31FAF39E}"
EndProject
Project("{9A19103F-16F7-4668-BE54-9A1E7A4F7556}") = "Business", "Business\Business.csproj", "{3C604341-F067-4E9F-BF24-723F1B07311B}"
EndProject
Project("{9A19103F-16F7-4668-BE54-9A1E7A4F7556}") = "Entities", "Entities\Entities.csproj", "{2931DEF6-210C-4D8E-80EE-A5A69C1A1167}"
EndProject
Project("{9A19103F-16F7-4668-BE54-9A1E7A4F7556}") = "ConsoleUI", "ConsoleUI\ConsoleUI.csproj", "{166691A3-F1A2-47CC-B79C-D35CDBECD5A3}"
EndProject
Project("{FAE04EC0-301F-11D3-BF4B-00C04F79EFBC}") = "Core", "Core\Core.csproj", "{F60D9EAD-C7C0-4BAB-99EF-599BABA97668}"
EndProject
Global
	GlobalSection(SolutionConfigurationPlatforms) = preSolution
		Debug|Any CPU = Debug|Any CPU
		Release|Any CPU = Release|Any CPU
	EndGlobalSection
	GlobalSection(ProjectConfigurationPlatforms) = postSolution
		{5F83F708-DC4A-49B0-B1A8-ED4E31FAF39E}.Debug|Any CPU.ActiveCfg = Debug|Any CPU
		{5F83F708-DC4A-49B0-B1A8-ED4E31FAF39E}.Debug|Any CPU.Build.0 = Debug|Any CPU
		{5F83F708-DC4A-49B0-B1A8-ED4E31FAF39E}.Release|Any CPU.ActiveCfg = Release|Any CPU
		{5F83F708-DC4A-49B0-B1A8-ED4E31FAF39E}.Release|Any CPU.Build.0 = Release|Any CPU
		{3C604341-F067-4E9F-BF24-723F1B07311B}.Debug|Any CPU.ActiveCfg = Debug|Any CPU
		{3C604341-F067-4E9F-BF24-723F1B07311B}.Debug|Any CPU.Build.0 = Debug|Any CPU
		{3C604341-F067-4E9F-BF24-723F1B07311B}.Release|Any CPU.ActiveCfg = Release|Any CPU
		{3C604341-F067-4E9F-BF24-723F1B07311B}.Release|Any CPU.Build.0 = Release|Any CPU
		{2931DEF6-210C-4D8E-80EE-A5A69C1A1167}.Debug|Any CPU.ActiveCfg = Debug|Any CPU
		{2931DEF6-210C-4D8E-80EE-A5A69C1A1167}.Debug|Any CPU.Build.0 = Debug|Any CPU
		{2931DEF6-210C-4D8E-80EE-A5A69C1A1167}.Release|Any CPU.ActiveCfg = Release|Any CPU
		{2931DEF6-210C-4D8E-80EE-A5A69C1A1167}.Release|Any CPU.Build.0 = Release|Any CPU
		{166691A3-F1A2-47CC-B79C-D35CDBECD5A3}.Debug|Any CPU.ActiveCfg = Debug|Any CPU
		{166691A3-F1A2-47CC-B79C-D35CDBECD5A3}.Debug|Any CPU.Build.0 = Debug|Any CPU
		{166691A3-F1A2-47CC-B79C-D35CDBECD5A3}.Release|Any CPU.ActiveCfg = Release|Any CPU
		{166691A3-F1A2-47CC-B79C-D35CDBECD5A3}.Release|Any CPU.Build.0 = Release|Any CPU
		{F60D9EAD-C7C0-4BAB-99EF-599BABA97668}.Debug|Any CPU.ActiveCfg = Debug|Any CPU
		{F60D9EAD-C7C0-4BAB-99EF-599BABA97668}.Debug|Any CPU.Build.0 = Debug|Any CPU
		{F60D9EAD-C7C0-4BAB-99EF-599BABA97668}.Release|Any CPU.ActiveCfg = Release|Any CPU
		{F60D9EAD-C7C0-4BAB-99EF-599BABA97668}.Release|Any CPU.Build.0 = Release|Any CPU
	EndGlobalSection
	GlobalSection(SolutionProperties) = preSolution
		HideSolutionNode = FALSE
	EndGlobalSection
	GlobalSection(ExtensibilityGlobals) = postSolution
		SolutionGuid = {EF919FEF-451A-4A35-89C8-A9AE58D9351F}
	EndGlobalSection
EndGlobal
